// !$*UTF8*$!
{
	archiveVersion = 1;
	classes = {
	};
	objectVersion = 56;
	objects = {

/* Begin PBXBuildFile section */
		6CA8794A2B49C0A50007A09E /* AppDelegate.swift in Sources */ = {isa = PBXBuildFile; fileRef = 6CA879492B49C0A50007A09E /* AppDelegate.swift */; };
		6CA8794C2B49C0A50007A09E /* SceneDelegate.swift in Sources */ = {isa = PBXBuildFile; fileRef = 6CA8794B2B49C0A50007A09E /* SceneDelegate.swift */; };
		6CA8794E2B49C0A50007A09E /* ViewController.swift in Sources */ = {isa = PBXBuildFile; fileRef = 6CA8794D2B49C0A50007A09E /* ViewController.swift */; };
		6CA879512B49C0A50007A09E /* Main.storyboard in Resources */ = {isa = PBXBuildFile; fileRef = 6CA8794F2B49C0A50007A09E /* Main.storyboard */; };
		6CA879532B49C0A60007A09E /* Assets.xcassets in Resources */ = {isa = PBXBuildFile; fileRef = 6CA879522B49C0A60007A09E /* Assets.xcassets */; };
		6CA879562B49C0A60007A09E /* LaunchScreen.storyboard in Resources */ = {isa = PBXBuildFile; fileRef = 6CA879542B49C0A60007A09E /* LaunchScreen.storyboard */; };
		6CA879612B49C0A70007A09E /* ColorPickerTests.swift in Sources */ = {isa = PBXBuildFile; fileRef = 6CA879602B49C0A70007A09E /* ColorPickerTests.swift */; };
		6CA8796B2B49C0A70007A09E /* ColorPickerUITests.swift in Sources */ = {isa = PBXBuildFile; fileRef = 6CA8796A2B49C0A70007A09E /* ColorPickerUITests.swift */; };
		6CA8796D2B49C0A70007A09E /* ColorPickerUITestsLaunchTests.swift in Sources */ = {isa = PBXBuildFile; fileRef = 6CA8796C2B49C0A70007A09E /* ColorPickerUITestsLaunchTests.swift */; };
/* End PBXBuildFile section */

/* Begin PBXContainerItemProxy section */
		6CA8795D2B49C0A70007A09E /* PBXContainerItemProxy */ = {
			isa = PBXContainerItemProxy;
			containerPortal = 6CA8793E2B49C0A50007A09E /* Project object */;
			proxyType = 1;
			remoteGlobalIDString = 6CA879452B49C0A50007A09E;
			remoteInfo = ColorPicker;
		};
		6CA879672B49C0A70007A09E /* PBXContainerItemProxy */ = {
			isa = PBXContainerItemProxy;
			containerPortal = 6CA8793E2B49C0A50007A09E /* Project object */;
			proxyType = 1;
			remoteGlobalIDString = 6CA879452B49C0A50007A09E;
			remoteInfo = ColorPicker;
		};
/* End PBXContainerItemProxy section */

/* Begin PBXFileReference section */
		6CA879462B49C0A50007A09E /* ColorPicker.app */ = {isa = PBXFileReference; explicitFileType = wrapper.application; includeInIndex = 0; path = ColorPicker.app; sourceTree = BUILT_PRODUCTS_DIR; };
		6CA879492B49C0A50007A09E /* AppDelegate.swift */ = {isa = PBXFileReference; lastKnownFileType = sourcecode.swift; path = AppDelegate.swift; sourceTree = "<group>"; };
		6CA8794B2B49C0A50007A09E /* SceneDelegate.swift */ = {isa = PBXFileReference; lastKnownFileType = sourcecode.swift; path = SceneDelegate.swift; sourceTree = "<group>"; };
		6CA8794D2B49C0A50007A09E /* ViewController.swift */ = {isa = PBXFileReference; lastKnownFileType = sourcecode.swift; path = ViewController.swift; sourceTree = "<group>"; };
		6CA879502B49C0A50007A09E /* Base */ = {isa = PBXFileReference; lastKnownFileType = file.storyboard; name = Base; path = Base.lproj/Main.storyboard; sourceTree = "<group>"; };
		6CA879522B49C0A60007A09E /* Assets.xcassets */ = {isa = PBXFileReference; lastKnownFileType = folder.assetcatalog; path = Assets.xcassets; sourceTree = "<group>"; };
		6CA879552B49C0A60007A09E /* Base */ = {isa = PBXFileReference; lastKnownFileType = file.storyboard; name = Base; path = Base.lproj/LaunchScreen.storyboard; sourceTree = "<group>"; };
		6CA879572B49C0A60007A09E /* Info.plist */ = {isa = PBXFileReference; lastKnownFileType = text.plist.xml; path = Info.plist; sourceTree = "<group>"; };
		6CA8795C2B49C0A70007A09E /* ColorPickerTests.xctest */ = {isa = PBXFileReference; explicitFileType = wrapper.cfbundle; includeInIndex = 0; path = ColorPickerTests.xctest; sourceTree = BUILT_PRODUCTS_DIR; };
		6CA879602B49C0A70007A09E /* ColorPickerTests.swift */ = {isa = PBXFileReference; lastKnownFileType = sourcecode.swift; path = ColorPickerTests.swift; sourceTree = "<group>"; };
		6CA879662B49C0A70007A09E /* ColorPickerUITests.xctest */ = {isa = PBXFileReference; explicitFileType = wrapper.cfbundle; includeInIndex = 0; path = ColorPickerUITests.xctest; sourceTree = BUILT_PRODUCTS_DIR; };
		6CA8796A2B49C0A70007A09E /* ColorPickerUITests.swift */ = {isa = PBXFileReference; lastKnownFileType = sourcecode.swift; path = ColorPickerUITests.swift; sourceTree = "<group>"; };
		6CA8796C2B49C0A70007A09E /* ColorPickerUITestsLaunchTests.swift */ = {isa = PBXFileReference; lastKnownFileType = sourcecode.swift; path = ColorPickerUITestsLaunchTests.swift; sourceTree = "<group>"; };
/* End PBXFileReference section */

/* Begin PBXFrameworksBuildPhase section */
		6CA879432B49C0A50007A09E /* Frameworks */ = {
			isa = PBXFrameworksBuildPhase;
			buildActionMask = 2147483647;
			files = (
			);
			runOnlyForDeploymentPostprocessing = 0;
		};
		6CA879592B49C0A70007A09E /* Frameworks */ = {
			isa = PBXFrameworksBuildPhase;
			buildActionMask = 2147483647;
			files = (
			);
			runOnlyForDeploymentPostprocessing = 0;
		};
		6CA879632B49C0A70007A09E /* Frameworks */ = {
			isa = PBXFrameworksBuildPhase;
			buildActionMask = 2147483647;
			files = (
			);
			runOnlyForDeploymentPostprocessing = 0;
		};
/* End PBXFrameworksBuildPhase section */

/* Begin PBXGroup section */
		6CA8793D2B49C0A50007A09E = {
			isa = PBXGroup;
			children = (
				6CA879482B49C0A50007A09E /* ColorPicker */,
				6CA8795F2B49C0A70007A09E /* ColorPickerTests */,
				6CA879692B49C0A70007A09E /* ColorPickerUITests */,
				6CA879472B49C0A50007A09E /* Products */,
			);
			sourceTree = "<group>";
		};
		6CA879472B49C0A50007A09E /* Products */ = {
			isa = PBXGroup;
			children = (
				6CA879462B49C0A50007A09E /* ColorPicker.app */,
				6CA8795C2B49C0A70007A09E /* ColorPickerTests.xctest */,
				6CA879662B49C0A70007A09E /* ColorPickerUITests.xctest */,
			);
			name = Products;
			sourceTree = "<group>";
		};
		6CA879482B49C0A50007A09E /* ColorPicker */ = {
			isa = PBXGroup;
			children = (
				6CA879492B49C0A50007A09E /* AppDelegate.swift */,
				6CA8794B2B49C0A50007A09E /* SceneDelegate.swift */,
				6CA8794D2B49C0A50007A09E /* ViewController.swift */,
				6CA8794F2B49C0A50007A09E /* Main.storyboard */,
				6CA879522B49C0A60007A09E /* Assets.xcassets */,
				6CA879542B49C0A60007A09E /* LaunchScreen.storyboard */,
				6CA879572B49C0A60007A09E /* Info.plist */,
			);
			path = ColorPicker;
			sourceTree = "<group>";
		};
		6CA8795F2B49C0A70007A09E /* ColorPickerTests */ = {
			isa = PBXGroup;
			children = (
				6CA879602B49C0A70007A09E /* ColorPickerTests.swift */,
			);
			path = ColorPickerTests;
			sourceTree = "<group>";
		};
		6CA879692B49C0A70007A09E /* ColorPickerUITests */ = {
			isa = PBXGroup;
			children = (
				6CA8796A2B49C0A70007A09E /* ColorPickerUITests.swift */,
				6CA8796C2B49C0A70007A09E /* ColorPickerUITestsLaunchTests.swift */,
			);
			path = ColorPickerUITests;
			sourceTree = "<group>";
		};
/* End PBXGroup section */

/* Begin PBXNativeTarget section */
		6CA879452B49C0A50007A09E /* ColorPicker */ = {
			isa = PBXNativeTarget;
			buildConfigurationList = 6CA879702B49C0A70007A09E /* Build configuration list for PBXNativeTarget "ColorPicker" */;
			buildPhases = (
				6CA879422B49C0A50007A09E /* Sources */,
				6CA879432B49C0A50007A09E /* Frameworks */,
				6CA879442B49C0A50007A09E /* Resources */,
			);
			buildRules = (
			);
			dependencies = (
			);
			name = ColorPicker;
			productName = ColorPicker;
			productReference = 6CA879462B49C0A50007A09E /* ColorPicker.app */;
			productType = "com.apple.product-type.application";
		};
		6CA8795B2B49C0A70007A09E /* ColorPickerTests */ = {
			isa = PBXNativeTarget;
			buildConfigurationList = 6CA879732B49C0A70007A09E /* Build configuration list for PBXNativeTarget "ColorPickerTests" */;
			buildPhases = (
				6CA879582B49C0A70007A09E /* Sources */,
				6CA879592B49C0A70007A09E /* Frameworks */,
				6CA8795A2B49C0A70007A09E /* Resources */,
			);
			buildRules = (
			);
			dependencies = (
				6CA8795E2B49C0A70007A09E /* PBXTargetDependency */,
			);
			name = ColorPickerTests;
			productName = ColorPickerTests;
			productReference = 6CA8795C2B49C0A70007A09E /* ColorPickerTests.xctest */;
			productType = "com.apple.product-type.bundle.unit-test";
		};
		6CA879652B49C0A70007A09E /* ColorPickerUITests */ = {
			isa = PBXNativeTarget;
			buildConfigurationList = 6CA879762B49C0A70007A09E /* Build configuration list for PBXNativeTarget "ColorPickerUITests" */;
			buildPhases = (
				6CA879622B49C0A70007A09E /* Sources */,
				6CA879632B49C0A70007A09E /* Frameworks */,
				6CA879642B49C0A70007A09E /* Resources */,
			);
			buildRules = (
			);
			dependencies = (
				6CA879682B49C0A70007A09E /* PBXTargetDependency */,
			);
			name = ColorPickerUITests;
			productName = ColorPickerUITests;
			productReference = 6CA879662B49C0A70007A09E /* ColorPickerUITests.xctest */;
			productType = "com.apple.product-type.bundle.ui-testing";
		};
/* End PBXNativeTarget section */

/* Begin PBXProject section */
		6CA8793E2B49C0A50007A09E /* Project object */ = {
			isa = PBXProject;
			attributes = {
				BuildIndependentTargetsInParallel = 1;
				LastSwiftUpdateCheck = 1420;
				LastUpgradeCheck = 1420;
				TargetAttributes = {
					6CA879452B49C0A50007A09E = {
						CreatedOnToolsVersion = 14.2;
					};
					6CA8795B2B49C0A70007A09E = {
						CreatedOnToolsVersion = 14.2;
						TestTargetID = 6CA879452B49C0A50007A09E;
					};
					6CA879652B49C0A70007A09E = {
						CreatedOnToolsVersion = 14.2;
						TestTargetID = 6CA879452B49C0A50007A09E;
					};
				};
			};
			buildConfigurationList = 6CA879412B49C0A50007A09E /* Build configuration list for PBXProject "ColorPicker" */;
			compatibilityVersion = "Xcode 14.0";
			developmentRegion = en;
			hasScannedForEncodings = 0;
			knownRegions = (
				en,
				Base,
			);
			mainGroup = 6CA8793D2B49C0A50007A09E;
			productRefGroup = 6CA879472B49C0A50007A09E /* Products */;
			projectDirPath = "";
			projectRoot = "";
			targets = (
				6CA879452B49C0A50007A09E /* ColorPicker */,
				6CA8795B2B49C0A70007A09E /* ColorPickerTests */,
				6CA879652B49C0A70007A09E /* ColorPickerUITests */,
			);
		};
/* End PBXProject section */

/* Begin PBXResourcesBuildPhase section */
		6CA879442B49C0A50007A09E /* Resources */ = {
			isa = PBXResourcesBuildPhase;
			buildActionMask = 2147483647;
			files = (
				6CA879562B49C0A60007A09E /* LaunchScreen.storyboard in Resources */,
				6CA879532B49C0A60007A09E /* Assets.xcassets in Resources */,
				6CA879512B49C0A50007A09E /* Main.storyboard in Resources */,
			);
			runOnlyForDeploymentPostprocessing = 0;
		};
		6CA8795A2B49C0A70007A09E /* Resources */ = {
			isa = PBXResourcesBuildPhase;
			buildActionMask = 2147483647;
			files = (
			);
			runOnlyForDeploymentPostprocessing = 0;
		};
		6CA879642B49C0A70007A09E /* Resources */ = {
			isa = PBXResourcesBuildPhase;
			buildActionMask = 2147483647;
			files = (
			);
			runOnlyForDeploymentPostprocessing = 0;
		};
/* End PBXResourcesBuildPhase section */

/* Begin PBXSourcesBuildPhase section */
		6CA879422B49C0A50007A09E /* Sources */ = {
			isa = PBXSourcesBuildPhase;
			buildActionMask = 2147483647;
			files = (
				6CA8794E2B49C0A50007A09E /* ViewController.swift in Sources */,
				6CA8794A2B49C0A50007A09E /* AppDelegate.swift in Sources */,
				6CA8794C2B49C0A50007A09E /* SceneDelegate.swift in Sources */,
			);
			runOnlyForDeploymentPostprocessing = 0;
		};
		6CA879582B49C0A70007A09E /* Sources */ = {
			isa = PBXSourcesBuildPhase;
			buildActionMask = 2147483647;
			files = (
				6CA879612B49C0A70007A09E /* ColorPickerTests.swift in Sources */,
			);
			runOnlyForDeploymentPostprocessing = 0;
		};
		6CA879622B49C0A70007A09E /* Sources */ = {
			isa = PBXSourcesBuildPhase;
			buildActionMask = 2147483647;
			files = (
				6CA8796D2B49C0A70007A09E /* ColorPickerUITestsLaunchTests.swift in Sources */,
				6CA8796B2B49C0A70007A09E /* ColorPickerUITests.swift in Sources */,
			);
			runOnlyForDeploymentPostprocessing = 0;
		};
/* End PBXSourcesBuildPhase section */

/* Begin PBXTargetDependency section */
		6CA8795E2B49C0A70007A09E /* PBXTargetDependency */ = {
			isa = PBXTargetDependency;
			target = 6CA879452B49C0A50007A09E /* ColorPicker */;
			targetProxy = 6CA8795D2B49C0A70007A09E /* PBXContainerItemProxy */;
		};
		6CA879682B49C0A70007A09E /* PBXTargetDependency */ = {
			isa = PBXTargetDependency;
			target = 6CA879452B49C0A50007A09E /* ColorPicker */;
			targetProxy = 6CA879672B49C0A70007A09E /* PBXContainerItemProxy */;
		};
/* End PBXTargetDependency section */

/* Begin PBXVariantGroup section */
		6CA8794F2B49C0A50007A09E /* Main.storyboard */ = {
			isa = PBXVariantGroup;
			children = (
				6CA879502B49C0A50007A09E /* Base */,
			);
			name = Main.storyboard;
			sourceTree = "<group>";
		};
		6CA879542B49C0A60007A09E /* LaunchScreen.storyboard */ = {
			isa = PBXVariantGroup;
			children = (
				6CA879552B49C0A60007A09E /* Base */,
			);
			name = LaunchScreen.storyboard;
			sourceTree = "<group>";
		};
/* End PBXVariantGroup section */

/* Begin XCBuildConfiguration section */
		6CA8796E2B49C0A70007A09E /* Debug */ = {
			isa = XCBuildConfiguration;
			buildSettings = {
				ALWAYS_SEARCH_USER_PATHS = NO;
				CLANG_ANALYZER_NONNULL = YES;
				CLANG_ANALYZER_NUMBER_OBJECT_CONVERSION = YES_AGGRESSIVE;
				CLANG_CXX_LANGUAGE_STANDARD = "gnu++20";
				CLANG_ENABLE_MODULES = YES;
				CLANG_ENABLE_OBJC_ARC = YES;
				CLANG_ENABLE_OBJC_WEAK = YES;
				CLANG_WARN_BLOCK_CAPTURE_AUTORELEASING = YES;
				CLANG_WARN_BOOL_CONVERSION = YES;
				CLANG_WARN_COMMA = YES;
				CLANG_WARN_CONSTANT_CONVERSION = YES;
				CLANG_WARN_DEPRECATED_OBJC_IMPLEMENTATIONS = YES;
				CLANG_WARN_DIRECT_OBJC_ISA_USAGE = YES_ERROR;
				CLANG_WARN_DOCUMENTATION_COMMENTS = YES;
				CLANG_WARN_EMPTY_BODY = YES;
				CLANG_WARN_ENUM_CONVERSION = YES;
				CLANG_WARN_INFINITE_RECURSION = YES;
				CLANG_WARN_INT_CONVERSION = YES;
				CLANG_WARN_NON_LITERAL_NULL_CONVERSION = YES;
				CLANG_WARN_OBJC_IMPLICIT_RETAIN_SELF = YES;
				CLANG_WARN_OBJC_LITERAL_CONVERSION = YES;
				CLANG_WARN_OBJC_ROOT_CLASS = YES_ERROR;
				CLANG_WARN_QUOTED_INCLUDE_IN_FRAMEWORK_HEADER = YES;
				CLANG_WARN_RANGE_LOOP_ANALYSIS = YES;
				CLANG_WARN_STRICT_PROTOTYPES = YES;
				CLANG_WARN_SUSPICIOUS_MOVE = YES;
				CLANG_WARN_UNGUARDED_AVAILABILITY = YES_AGGRESSIVE;
				CLANG_WARN_UNREACHABLE_CODE = YES;
				CLANG_WARN__DUPLICATE_METHOD_MATCH = YES;
				COPY_PHASE_STRIP = NO;
				DEBUG_INFORMATION_FORMAT = dwarf;
				ENABLE_STRICT_OBJC_MSGSEND = YES;
				ENABLE_TESTABILITY = YES;
				GCC_C_LANGUAGE_STANDARD = gnu11;
				GCC_DYNAMIC_NO_PIC = NO;
				GCC_NO_COMMON_BLOCKS = YES;
				GCC_OPTIMIZATION_LEVEL = 0;
				GCC_PREPROCESSOR_DEFINITIONS = (
					"DEBUG=1",
					"$(inherited)",
				);
				GCC_WARN_64_TO_32_BIT_CONVERSION = YES;
				GCC_WARN_ABOUT_RETURN_TYPE = YES_ERROR;
				GCC_WARN_UNDECLARED_SELECTOR = YES;
				GCC_WARN_UNINITIALIZED_AUTOS = YES_AGGRESSIVE;
				GCC_WARN_UNUSED_FUNCTION = YES;
				GCC_WARN_UNUSED_VARIABLE = YES;
				IPHONEOS_DEPLOYMENT_TARGET = 16.2;
				MTL_ENABLE_DEBUG_INFO = INCLUDE_SOURCE;
				MTL_FAST_MATH = YES;
				ONLY_ACTIVE_ARCH = YES;
				SDKROOT = iphoneos;
				SWIFT_ACTIVE_COMPILATION_CONDITIONS = DEBUG;
				SWIFT_OPTIMIZATION_LEVEL = "-Onone";
			};
			name = Debug;
		};
		6CA8796F2B49C0A70007A09E /* Release */ = {
			isa = XCBuildConfiguration;
			buildSettings = {
				ALWAYS_SEARCH_USER_PATHS = NO;
				CLANG_ANALYZER_NONNULL = YES;
				CLANG_ANALYZER_NUMBER_OBJECT_CONVERSION = YES_AGGRESSIVE;
				CLANG_CXX_LANGUAGE_STANDARD = "gnu++20";
				CLANG_ENABLE_MODULES = YES;
				CLANG_ENABLE_OBJC_ARC = YES;
				CLANG_ENABLE_OBJC_WEAK = YES;
				CLANG_WARN_BLOCK_CAPTURE_AUTORELEASING = YES;
				CLANG_WARN_BOOL_CONVERSION = YES;
				CLANG_WARN_COMMA = YES;
				CLANG_WARN_CONSTANT_CONVERSION = YES;
				CLANG_WARN_DEPRECATED_OBJC_IMPLEMENTATIONS = YES;
				CLANG_WARN_DIRECT_OBJC_ISA_USAGE = YES_ERROR;
				CLANG_WARN_DOCUMENTATION_COMMENTS = YES;
				CLANG_WARN_EMPTY_BODY = YES;
				CLANG_WARN_ENUM_CONVERSION = YES;
				CLANG_WARN_INFINITE_RECURSION = YES;
				CLANG_WARN_INT_CONVERSION = YES;
				CLANG_WARN_NON_LITERAL_NULL_CONVERSION = YES;
				CLANG_WARN_OBJC_IMPLICIT_RETAIN_SELF = YES;
				CLANG_WARN_OBJC_LITERAL_CONVERSION = YES;
				CLANG_WARN_OBJC_ROOT_CLASS = YES_ERROR;
				CLANG_WARN_QUOTED_INCLUDE_IN_FRAMEWORK_HEADER = YES;
				CLANG_WARN_RANGE_LOOP_ANALYSIS = YES;
				CLANG_WARN_STRICT_PROTOTYPES = YES;
				CLANG_WARN_SUSPICIOUS_MOVE = YES;
				CLANG_WARN_UNGUARDED_AVAILABILITY = YES_AGGRESSIVE;
				CLANG_WARN_UNREACHABLE_CODE = YES;
				CLANG_WARN__DUPLICATE_METHOD_MATCH = YES;
				COPY_PHASE_STRIP = NO;
				DEBUG_INFORMATION_FORMAT = "dwarf-with-dsym";
				ENABLE_NS_ASSERTIONS = NO;
				ENABLE_STRICT_OBJC_MSGSEND = YES;
				GCC_C_LANGUAGE_STANDARD = gnu11;
				GCC_NO_COMMON_BLOCKS = YES;
				GCC_WARN_64_TO_32_BIT_CONVERSION = YES;
				GCC_WARN_ABOUT_RETURN_TYPE = YES_ERROR;
				GCC_WARN_UNDECLARED_SELECTOR = YES;
				GCC_WARN_UNINITIALIZED_AUTOS = YES_AGGRESSIVE;
				GCC_WARN_UNUSED_FUNCTION = YES;
				GCC_WARN_UNUSED_VARIABLE = YES;
				IPHONEOS_DEPLOYMENT_TARGET = 16.2;
				MTL_ENABLE_DEBUG_INFO = NO;
				MTL_FAST_MATH = YES;
				SDKROOT = iphoneos;
				SWIFT_COMPILATION_MODE = wholemodule;
				SWIFT_OPTIMIZATION_LEVEL = "-O";
				VALIDATE_PRODUCT = YES;
			};
			name = Release;
		};
		6CA879712B49C0A70007A09E /* Debug */ = {
			isa = XCBuildConfiguration;
			buildSettings = {
				ASSETCATALOG_COMPILER_APPICON_NAME = AppIcon;
				ASSETCATALOG_COMPILER_GLOBAL_ACCENT_COLOR_NAME = AccentColor;
				CODE_SIGN_STYLE = Automatic;
				CURRENT_PROJECT_VERSION = 1;
				DEVELOPMENT_TEAM = CAZ95U5Y7L;
				GENERATE_INFOPLIST_FILE = YES;
				INFOPLIST_FILE = ColorPicker/Info.plist;
				INFOPLIST_KEY_UIApplicationSupportsIndirectInputEvents = YES;
				INFOPLIST_KEY_UILaunchStoryboardName = LaunchScreen;
				INFOPLIST_KEY_UIMainStoryboardFile = Main;
				INFOPLIST_KEY_UISupportedInterfaceOrientations_iPad = "UIInterfaceOrientationPortrait UIInterfaceOrientationPortraitUpsideDown UIInterfaceOrientationLandscapeLeft UIInterfaceOrientationLandscapeRight";
				INFOPLIST_KEY_UISupportedInterfaceOrientations_iPhone = "UIInterfaceOrientationPortrait UIInterfaceOrientationLandscapeLeft UIInterfaceOrientationLandscapeRight";
				LD_RUNPATH_SEARCH_PATHS = (
					"$(inherited)",
					"@executable_path/Frameworks",
				);
				MARKETING_VERSION = 1.0;
				PRODUCT_BUNDLE_IDENTIFIER = "apple-student-bgh.ColorPicker";
				PRODUCT_NAME = "$(TARGET_NAME)";
				SWIFT_EMIT_LOC_STRINGS = YES;
				SWIFT_VERSION = 5.0;
				TARGETED_DEVICE_FAMILY = "1,2";
			};
			name = Debug;
		};
		6CA879722B49C0A70007A09E /* Release */ = {
			isa = XCBuildConfiguration;
			buildSettings = {
				ASSETCATALOG_COMPILER_APPICON_NAME = AppIcon;
				ASSETCATALOG_COMPILER_GLOBAL_ACCENT_COLOR_NAME = AccentColor;
				CODE_SIGN_STYLE = Automatic;
				CURRENT_PROJECT_VERSION = 1;
				DEVELOPMENT_TEAM = CAZ95U5Y7L;
				GENERATE_INFOPLIST_FILE = YES;
				INFOPLIST_FILE = ColorPicker/Info.plist;
				INFOPLIST_KEY_UIApplicationSupportsIndirectInputEvents = YES;
				INFOPLIST_KEY_UILaunchStoryboardName = LaunchScreen;
				INFOPLIST_KEY_UIMainStoryboardFile = Main;
				INFOPLIST_KEY_UISupportedInterfaceOrientations_iPad = "UIInterfaceOrientationPortrait UIInterfaceOrientationPortraitUpsideDown UIInterfaceOrientationLandscapeLeft UIInterfaceOrientationLandscapeRight";
				INFOPLIST_KEY_UISupportedInterfaceOrientations_iPhone = "UIInterfaceOrientationPortrait UIInterfaceOrientationLandscapeLeft UIInterfaceOrientationLandscapeRight";
				LD_RUNPATH_SEARCH_PATHS = (
					"$(inherited)",
					"@executable_path/Frameworks",
				);
				MARKETING_VERSION = 1.0;
				PRODUCT_BUNDLE_IDENTIFIER = "apple-student-bgh.ColorPicker";
				PRODUCT_NAME = "$(TARGET_NAME)";
				SWIFT_EMIT_LOC_STRINGS = YES;
				SWIFT_VERSION = 5.0;
				TARGETED_DEVICE_FAMILY = "1,2";
			};
			name = Release;
		};
		6CA879742B49C0A70007A09E /* Debug */ = {
			isa = XCBuildConfiguration;
			buildSettings = {
				ALWAYS_EMBED_SWIFT_STANDARD_LIBRARIES = YES;
				BUNDLE_LOADER = "$(TEST_HOST)";
				CODE_SIGN_STYLE = Automatic;
				CURRENT_PROJECT_VERSION = 1;
				DEVELOPMENT_TEAM = CAZ95U5Y7L;
				GENERATE_INFOPLIST_FILE = YES;
				IPHONEOS_DEPLOYMENT_TARGET = 16.2;
				MARKETING_VERSION = 1.0;
				PRODUCT_BUNDLE_IDENTIFIER = "apple-student-bgh.ColorPickerTests";
				PRODUCT_NAME = "$(TARGET_NAME)";
				SWIFT_EMIT_LOC_STRINGS = NO;
				SWIFT_VERSION = 5.0;
				TARGETED_DEVICE_FAMILY = "1,2";
				TEST_HOST = "$(BUILT_PRODUCTS_DIR)/ColorPicker.app/$(BUNDLE_EXECUTABLE_FOLDER_PATH)/ColorPicker";
			};
			name = Debug;
		};
		6CA879752B49C0A70007A09E /* Release */ = {
			isa = XCBuildConfiguration;
			buildSettings = {
				ALWAYS_EMBED_SWIFT_STANDARD_LIBRARIES = YES;
				BUNDLE_LOADER = "$(TEST_HOST)";
				CODE_SIGN_STYLE = Automatic;
				CURRENT_PROJECT_VERSION = 1;
				DEVELOPMENT_TEAM = CAZ95U5Y7L;
				GENERATE_INFOPLIST_FILE = YES;
				IPHONEOS_DEPLOYMENT_TARGET = 16.2;
				MARKETING_VERSION = 1.0;
				PRODUCT_BUNDLE_IDENTIFIER = "apple-student-bgh.ColorPickerTests";
				PRODUCT_NAME = "$(TARGET_NAME)";
				SWIFT_EMIT_LOC_STRINGS = NO;
				SWIFT_VERSION = 5.0;
				TARGETED_DEVICE_FAMILY = "1,2";
				TEST_HOST = "$(BUILT_PRODUCTS_DIR)/ColorPicker.app/$(BUNDLE_EXECUTABLE_FOLDER_PATH)/ColorPicker";
			};
			name = Release;
		};
		6CA879772B49C0A70007A09E /* Debug */ = {
			isa = XCBuildConfiguration;
			buildSettings = {
				ALWAYS_EMBED_SWIFT_STANDARD_LIBRARIES = YES;
				CODE_SIGN_STYLE = Automatic;
				CURRENT_PROJECT_VERSION = 1;
				DEVELOPMENT_TEAM = CAZ95U5Y7L;
				GENERATE_INFOPLIST_FILE = YES;
				MARKETING_VERSION = 1.0;
				PRODUCT_BUNDLE_IDENTIFIER = "apple-student-bgh.ColorPickerUITests";
				PRODUCT_NAME = "$(TARGET_NAME)";
				SWIFT_EMIT_LOC_STRINGS = NO;
				SWIFT_VERSION = 5.0;
				TARGETED_DEVICE_FAMILY = "1,2";
				TEST_TARGET_NAME = ColorPicker;
			};
			name = Debug;
		};
		6CA879782B49C0A70007A09E /* Release */ = {
			isa = XCBuildConfiguration;
			buildSettings = {
				ALWAYS_EMBED_SWIFT_STANDARD_LIBRARIES = YES;
				CODE_SIGN_STYLE = Automatic;
				CURRENT_PROJECT_VERSION = 1;
				DEVELOPMENT_TEAM = CAZ95U5Y7L;
				GENERATE_INFOPLIST_FILE = YES;
				MARKETING_VERSION = 1.0;
				PRODUCT_BUNDLE_IDENTIFIER = "apple-student-bgh.ColorPickerUITests";
				PRODUCT_NAME = "$(TARGET_NAME)";
				SWIFT_EMIT_LOC_STRINGS = NO;
				SWIFT_VERSION = 5.0;
				TARGETED_DEVICE_FAMILY = "1,2";
				TEST_TARGET_NAME = ColorPicker;
			};
			name = Release;
		};
/* End XCBuildConfiguration section */

/* Begin XCConfigurationList section */
		6CA879412B49C0A50007A09E /* Build configuration list for PBXProject "ColorPicker" */ = {
			isa = XCConfigurationList;
			buildConfigurations = (
				6CA8796E2B49C0A70007A09E /* Debug */,
				6CA8796F2B49C0A70007A09E /* Release */,
			);
			defaultConfigurationIsVisible = 0;
			defaultConfigurationName = Release;
		};
		6CA879702B49C0A70007A09E /* Build configuration list for PBXNativeTarget "ColorPicker" */ = {
			isa = XCConfigurationList;
			buildConfigurations = (
				6CA879712B49C0A70007A09E /* Debug */,
				6CA879722B49C0A70007A09E /* Release */,
			);
			defaultConfigurationIsVisible = 0;
			defaultConfigurationName = Release;
		};
		6CA879732B49C0A70007A09E /* Build configuration list for PBXNativeTarget "ColorPickerTests" */ = {
			isa = XCConfigurationList;
			buildConfigurations = (
				6CA879742B49C0A70007A09E /* Debug */,
				6CA879752B49C0A70007A09E /* Release */,
			);
			defaultConfigurationIsVisible = 0;
			defaultConfigurationName = Release;
		};
		6CA879762B49C0A70007A09E /* Build configuration list for PBXNativeTarget "ColorPickerUITests" */ = {
			isa = XCConfigurationList;
			buildConfigurations = (
				6CA879772B49C0A70007A09E /* Debug */,
				6CA879782B49C0A70007A09E /* Release */,
			);
			defaultConfigurationIsVisible = 0;
			defaultConfigurationName = Release;
		};
/* End XCConfigurationList section */
	};
	rootObject = 6CA8793E2B49C0A50007A09E /* Project object */;
}
